
Microsoft Visual Studio Solution File, Format Version 12.00
# Visual Studio Version 16
VisualStudioVersion = 16.0.30309.148
MinimumVisualStudioVersion = 10.0.40219.1
Project("{9A19103F-16F7-4668-BE54-9A1E7A4F7556}") = "PCVA", "PCVA.csproj", "{34E34B14-6EE5-4B9A-8562-4453B6EB1F0B}"
EndProject
Project("{9A19103F-16F7-4668-BE54-9A1E7A4F7556}") = "UnitTests", "..\UnitTests\UnitTests.csproj", "{60FFB63C-9E1E-4AC0-B351-2575D531FEF8}"
EndProject
Project("{FAE04EC0-301F-11D3-BF4B-00C04F79EFBC}") = "PCVASolver", "..\PCVASolver\PCVASolver.csproj", "{3DA11AD3-DF74-4BFE-A882-4BFD8692B31E}"
EndProject
Project("{FAE04EC0-301F-11D3-BF4B-00C04F79EFBC}") = "PCVASolver.UnitTests", "..\PCVASolver.UnitTests\PCVASolver.UnitTests.csproj", "{0F73FE82-836D-4171-8F79-74E02383B1C9}"
EndProject
Global
	GlobalSection(SolutionConfigurationPlatforms) = preSolution
		Debug|Any CPU = Debug|Any CPU
		Release|Any CPU = Release|Any CPU
	EndGlobalSection
	GlobalSection(ProjectConfigurationPlatforms) = postSolution
		{34E34B14-6EE5-4B9A-8562-4453B6EB1F0B}.Debug|Any CPU.ActiveCfg = Debug|Any CPU
		{34E34B14-6EE5-4B9A-8562-4453B6EB1F0B}.Debug|Any CPU.Build.0 = Debug|Any CPU
		{34E34B14-6EE5-4B9A-8562-4453B6EB1F0B}.Release|Any CPU.ActiveCfg = Release|Any CPU
		{34E34B14-6EE5-4B9A-8562-4453B6EB1F0B}.Release|Any CPU.Build.0 = Release|Any CPU
		{60FFB63C-9E1E-4AC0-B351-2575D531FEF8}.Debug|Any CPU.ActiveCfg = Debug|Any CPU
		{60FFB63C-9E1E-4AC0-B351-2575D531FEF8}.Debug|Any CPU.Build.0 = Debug|Any CPU
		{60FFB63C-9E1E-4AC0-B351-2575D531FEF8}.Release|Any CPU.ActiveCfg = Release|Any CPU
		{60FFB63C-9E1E-4AC0-B351-2575D531FEF8}.Release|Any CPU.Build.0 = Release|Any CPU
		{3DA11AD3-DF74-4BFE-A882-4BFD8692B31E}.Debug|Any CPU.ActiveCfg = Debug|Any CPU
		{3DA11AD3-DF74-4BFE-A882-4BFD8692B31E}.Debug|Any CPU.Build.0 = Debug|Any CPU
		{3DA11AD3-DF74-4BFE-A882-4BFD8692B31E}.Release|Any CPU.ActiveCfg = Release|Any CPU
		{3DA11AD3-DF74-4BFE-A882-4BFD8692B31E}.Release|Any CPU.Build.0 = Release|Any CPU
		{0F73FE82-836D-4171-8F79-74E02383B1C9}.Debug|Any CPU.ActiveCfg = Debug|Any CPU
		{0F73FE82-836D-4171-8F79-74E02383B1C9}.Debug|Any CPU.Build.0 = Debug|Any CPU
		{0F73FE82-836D-4171-8F79-74E02383B1C9}.Release|Any CPU.ActiveCfg = Release|Any CPU
		{0F73FE82-836D-4171-8F79-74E02383B1C9}.Release|Any CPU.Build.0 = Release|Any CPU
	EndGlobalSection
	GlobalSection(SolutionProperties) = preSolution
		HideSolutionNode = FALSE
	EndGlobalSection
	GlobalSection(ExtensibilityGlobals) = postSolution
		SolutionGuid = {DCC38A2B-3291-4795-8793-5E768BEA1072}
	EndGlobalSection
EndGlobal
